
Microsoft Visual Studio Solution File, Format Version 12.00
# Visual Studio Version 16
VisualStudioVersion = 16.0.29613.14
MinimumVisualStudioVersion = 10.0.40219.1
Project("{9A19103F-16F7-4668-BE54-9A1E7A4F7556}") = "HGV.Daedalus", "src\HGV.Daedalus.csproj", "{BCAC3EE2-C6BB-4401-BB92-816AB615085D}"
EndProject
Project("{9A19103F-16F7-4668-BE54-9A1E7A4F7556}") = "HGV.Daedalus.Test", "test\HGV.Daedalus.Test.csproj", "{3F6D7D36-792D-4326-B97D-EDD9996DCFCB}"
EndProject
Global
	GlobalSection(SolutionConfigurationPlatforms) = preSolution
		Debug|Any CPU = Debug|Any CPU
		Release|Any CPU = Release|Any CPU
	EndGlobalSection
	GlobalSection(ProjectConfigurationPlatforms) = postSolution
		{BCAC3EE2-C6BB-4401-BB92-816AB615085D}.Debug|Any CPU.ActiveCfg = Debug|Any CPU
		{BCAC3EE2-C6BB-4401-BB92-816AB615085D}.Debug|Any CPU.Build.0 = Debug|Any CPU
		{BCAC3EE2-C6BB-4401-BB92-816AB615085D}.Release|Any CPU.ActiveCfg = Release|Any CPU
		{BCAC3EE2-C6BB-4401-BB92-816AB615085D}.Release|Any CPU.Build.0 = Release|Any CPU
		{3F6D7D36-792D-4326-B97D-EDD9996DCFCB}.Debug|Any CPU.ActiveCfg = Debug|Any CPU
		{3F6D7D36-792D-4326-B97D-EDD9996DCFCB}.Debug|Any CPU.Build.0 = Debug|Any CPU
		{3F6D7D36-792D-4326-B97D-EDD9996DCFCB}.Release|Any CPU.ActiveCfg = Release|Any CPU
		{3F6D7D36-792D-4326-B97D-EDD9996DCFCB}.Release|Any CPU.Build.0 = Release|Any CPU
	EndGlobalSection
	GlobalSection(SolutionProperties) = preSolution
		HideSolutionNode = FALSE
	EndGlobalSection
	GlobalSection(ExtensibilityGlobals) = postSolution
		SolutionGuid = {C0B8954F-8E8E-4924-8151-B4210CDBF32A}
	EndGlobalSection
	GlobalSection(CodealikeProperties) = postSolution
		SolutionGuid = dbbbbcf1-2490-4421-8621-63b028b1afef
	EndGlobalSection
EndGlobal
