
Microsoft Visual Studio Solution File, Format Version 12.00
# Visual Studio 15
VisualStudioVersion = 15.0.26730.12
MinimumVisualStudioVersion = 10.0.40219.1
Project("{FAE04EC0-301F-11D3-BF4B-00C04F79EFBC}") = "HGV.Daedalus", "src\HGV.Daedalus.csproj", "{FA65C16E-2C98-4BD8-A6B3-79B79EAF9973}"
EndProject
Project("{FAE04EC0-301F-11D3-BF4B-00C04F79EFBC}") = "HGV.Daedalus.Tests", "tests\HGV.Daedalus.Tests.csproj", "{2F7E5FD2-9466-489C-ABDE-94A3DA6B7F41}"
EndProject
Global
	GlobalSection(SolutionConfigurationPlatforms) = preSolution
		Debug|Any CPU = Debug|Any CPU
		Release|Any CPU = Release|Any CPU
	EndGlobalSection
	GlobalSection(ProjectConfigurationPlatforms) = postSolution
		{FA65C16E-2C98-4BD8-A6B3-79B79EAF9973}.Debug|Any CPU.ActiveCfg = Debug|Any CPU
		{FA65C16E-2C98-4BD8-A6B3-79B79EAF9973}.Debug|Any CPU.Build.0 = Debug|Any CPU
		{FA65C16E-2C98-4BD8-A6B3-79B79EAF9973}.Release|Any CPU.ActiveCfg = Release|Any CPU
		{FA65C16E-2C98-4BD8-A6B3-79B79EAF9973}.Release|Any CPU.Build.0 = Release|Any CPU
		{2F7E5FD2-9466-489C-ABDE-94A3DA6B7F41}.Debug|Any CPU.ActiveCfg = Debug|Any CPU
		{2F7E5FD2-9466-489C-ABDE-94A3DA6B7F41}.Debug|Any CPU.Build.0 = Debug|Any CPU
		{2F7E5FD2-9466-489C-ABDE-94A3DA6B7F41}.Release|Any CPU.ActiveCfg = Release|Any CPU
		{2F7E5FD2-9466-489C-ABDE-94A3DA6B7F41}.Release|Any CPU.Build.0 = Release|Any CPU
	EndGlobalSection
	GlobalSection(SolutionProperties) = preSolution
		HideSolutionNode = FALSE
	EndGlobalSection
	GlobalSection(ExtensibilityGlobals) = postSolution
		SolutionGuid = {C0B8954F-8E8E-4924-8151-B4210CDBF32A}
	EndGlobalSection
	GlobalSection(CodealikeProperties) = postSolution
		SolutionGuid = dbbbbcf1-2490-4421-8621-63b028b1afef
	EndGlobalSection
EndGlobal
